// !$*UTF8*$!
{
	archiveVersion = 1;
	classes = {
	};
	objectVersion = 50;
	objects = {

/* Begin PBXBuildFile section */
		AB1D0F672523DEA500E6E26A /* TJBCardViewController.swift in Sources */ = {isa = PBXBuildFile; fileRef = AB1D0F662523DEA500E6E26A /* TJBCardViewController.swift */; };
		ABB9107C2523C93C00A711E4 /* AppDelegate.m in Sources */ = {isa = PBXBuildFile; fileRef = ABB9107B2523C93C00A711E4 /* AppDelegate.m */; };
		ABB9107F2523C93C00A711E4 /* SceneDelegate.m in Sources */ = {isa = PBXBuildFile; fileRef = ABB9107E2523C93C00A711E4 /* SceneDelegate.m */; };
		ABB910852523C93C00A711E4 /* Main.storyboard in Resources */ = {isa = PBXBuildFile; fileRef = ABB910832523C93C00A711E4 /* Main.storyboard */; };
		ABB910872523C94900A711E4 /* Assets.xcassets in Resources */ = {isa = PBXBuildFile; fileRef = ABB910862523C94900A711E4 /* Assets.xcassets */; };
		ABB9108A2523C94900A711E4 /* LaunchScreen.storyboard in Resources */ = {isa = PBXBuildFile; fileRef = ABB910882523C94900A711E4 /* LaunchScreen.storyboard */; };
		ABB9108D2523C94900A711E4 /* main.m in Sources */ = {isa = PBXBuildFile; fileRef = ABB9108C2523C94900A711E4 /* main.m */; };
		ABB9109D2523C9BD00A711E4 /* TJBCard.m in Sources */ = {isa = PBXBuildFile; fileRef = ABB9109C2523C9BD00A711E4 /* TJBCard.m */; };
		ABB910A62523CD6700A711E4 /* TJBCardController.m in Sources */ = {isa = PBXBuildFile; fileRef = ABB910A52523CD6700A711E4 /* TJBCardController.m */; };
/* End PBXBuildFile section */

/* Begin PBXFileReference section */
		AB1D0F652523DEA500E6E26A /* DeckOfOneCardsObJC-Bridging-Header.h */ = {isa = PBXFileReference; lastKnownFileType = sourcecode.c.h; path = "DeckOfOneCardsObJC-Bridging-Header.h"; sourceTree = "<group>"; };
		AB1D0F662523DEA500E6E26A /* TJBCardViewController.swift */ = {isa = PBXFileReference; lastKnownFileType = sourcecode.swift; path = TJBCardViewController.swift; sourceTree = "<group>"; };
		ABB910772523C93C00A711E4 /* DeckOfOneCardsObJC.app */ = {isa = PBXFileReference; explicitFileType = wrapper.application; includeInIndex = 0; path = DeckOfOneCardsObJC.app; sourceTree = BUILT_PRODUCTS_DIR; };
		ABB9107A2523C93C00A711E4 /* AppDelegate.h */ = {isa = PBXFileReference; lastKnownFileType = sourcecode.c.h; path = AppDelegate.h; sourceTree = "<group>"; };
		ABB9107B2523C93C00A711E4 /* AppDelegate.m */ = {isa = PBXFileReference; lastKnownFileType = sourcecode.c.objc; path = AppDelegate.m; sourceTree = "<group>"; };
		ABB9107D2523C93C00A711E4 /* SceneDelegate.h */ = {isa = PBXFileReference; lastKnownFileType = sourcecode.c.h; path = SceneDelegate.h; sourceTree = "<group>"; };
		ABB9107E2523C93C00A711E4 /* SceneDelegate.m */ = {isa = PBXFileReference; lastKnownFileType = sourcecode.c.objc; path = SceneDelegate.m; sourceTree = "<group>"; };
		ABB910842523C93C00A711E4 /* Base */ = {isa = PBXFileReference; lastKnownFileType = file.storyboard; name = Base; path = Base.lproj/Main.storyboard; sourceTree = "<group>"; };
		ABB910862523C94900A711E4 /* Assets.xcassets */ = {isa = PBXFileReference; lastKnownFileType = folder.assetcatalog; path = Assets.xcassets; sourceTree = "<group>"; };
		ABB910892523C94900A711E4 /* Base */ = {isa = PBXFileReference; lastKnownFileType = file.storyboard; name = Base; path = Base.lproj/LaunchScreen.storyboard; sourceTree = "<group>"; };
		ABB9108B2523C94900A711E4 /* Info.plist */ = {isa = PBXFileReference; lastKnownFileType = text.plist.xml; path = Info.plist; sourceTree = "<group>"; };
		ABB9108C2523C94900A711E4 /* main.m */ = {isa = PBXFileReference; lastKnownFileType = sourcecode.c.objc; path = main.m; sourceTree = "<group>"; };
		ABB9109B2523C9BD00A711E4 /* TJBCard.h */ = {isa = PBXFileReference; lastKnownFileType = sourcecode.c.h; path = TJBCard.h; sourceTree = "<group>"; };
		ABB9109C2523C9BD00A711E4 /* TJBCard.m */ = {isa = PBXFileReference; lastKnownFileType = sourcecode.c.objc; path = TJBCard.m; sourceTree = "<group>"; };
		ABB910A42523CD6700A711E4 /* TJBCardController.h */ = {isa = PBXFileReference; lastKnownFileType = sourcecode.c.h; path = TJBCardController.h; sourceTree = "<group>"; };
		ABB910A52523CD6700A711E4 /* TJBCardController.m */ = {isa = PBXFileReference; lastKnownFileType = sourcecode.c.objc; path = TJBCardController.m; sourceTree = "<group>"; };
/* End PBXFileReference section */

/* Begin PBXFrameworksBuildPhase section */
		ABB910742523C93C00A711E4 /* Frameworks */ = {
			isa = PBXFrameworksBuildPhase;
			buildActionMask = 2147483647;
			files = (
			);
			runOnlyForDeploymentPostprocessing = 0;
		};
/* End PBXFrameworksBuildPhase section */

/* Begin PBXGroup section */
		ABB9106E2523C93C00A711E4 = {
			isa = PBXGroup;
			children = (
				ABB910792523C93C00A711E4 /* DeckOfOneCardsObJC */,
				ABB910782523C93C00A711E4 /* Products */,
			);
			sourceTree = "<group>";
		};
		ABB910782523C93C00A711E4 /* Products */ = {
			isa = PBXGroup;
			children = (
				ABB910772523C93C00A711E4 /* DeckOfOneCardsObJC.app */,
			);
			name = Products;
			sourceTree = "<group>";
		};
		ABB910792523C93C00A711E4 /* DeckOfOneCardsObJC */ = {
			isa = PBXGroup;
			children = (
				ABB9109A2523C99400A711E4 /* Models */,
				ABB910992523C98C00A711E4 /* Views */,
				ABB910982523C98400A711E4 /* Controllers */,
				ABB910942523C95E00A711E4 /* Resources */,
			);
			path = DeckOfOneCardsObJC;
			sourceTree = "<group>";
		};
		ABB910942523C95E00A711E4 /* Resources */ = {
			isa = PBXGroup;
			children = (
				ABB9107A2523C93C00A711E4 /* AppDelegate.h */,
				ABB9107B2523C93C00A711E4 /* AppDelegate.m */,
				ABB9107D2523C93C00A711E4 /* SceneDelegate.h */,
				ABB9107E2523C93C00A711E4 /* SceneDelegate.m */,
				ABB910862523C94900A711E4 /* Assets.xcassets */,
				ABB910882523C94900A711E4 /* LaunchScreen.storyboard */,
				ABB9108B2523C94900A711E4 /* Info.plist */,
				ABB9108C2523C94900A711E4 /* main.m */,
			);
			path = Resources;
			sourceTree = "<group>";
		};
		ABB910982523C98400A711E4 /* Controllers */ = {
			isa = PBXGroup;
			children = (
				ABB910AD2523DC6800A711E4 /* ViewControllers */,
				ABB910A32523CD2900A711E4 /* ModelController */,
			);
			path = Controllers;
			sourceTree = "<group>";
		};
		ABB910992523C98C00A711E4 /* Views */ = {
			isa = PBXGroup;
			children = (
				ABB910832523C93C00A711E4 /* Main.storyboard */,
			);
			path = Views;
			sourceTree = "<group>";
		};
		ABB9109A2523C99400A711E4 /* Models */ = {
			isa = PBXGroup;
			children = (
				ABB9109B2523C9BD00A711E4 /* TJBCard.h */,
				ABB9109C2523C9BD00A711E4 /* TJBCard.m */,
			);
			path = Models;
			sourceTree = "<group>";
		};
		ABB910A32523CD2900A711E4 /* ModelController */ = {
			isa = PBXGroup;
			children = (
				ABB910A42523CD6700A711E4 /* TJBCardController.h */,
				ABB910A52523CD6700A711E4 /* TJBCardController.m */,
			);
			path = ModelController;
			sourceTree = "<group>";
		};
		ABB910AD2523DC6800A711E4 /* ViewControllers */ = {
			isa = PBXGroup;
			children = (
				AB1D0F662523DEA500E6E26A /* TJBCardViewController.swift */,
				AB1D0F652523DEA500E6E26A /* DeckOfOneCardsObJC-Bridging-Header.h */,
			);
			path = ViewControllers;
			sourceTree = "<group>";
		};
/* End PBXGroup section */

/* Begin PBXNativeTarget section */
		ABB910762523C93C00A711E4 /* DeckOfOneCardsObJC */ = {
			isa = PBXNativeTarget;
			buildConfigurationList = ABB910902523C94900A711E4 /* Build configuration list for PBXNativeTarget "DeckOfOneCardsObJC" */;
			buildPhases = (
				ABB910732523C93C00A711E4 /* Sources */,
				ABB910742523C93C00A711E4 /* Frameworks */,
				ABB910752523C93C00A711E4 /* Resources */,
			);
			buildRules = (
			);
			dependencies = (
			);
			name = DeckOfOneCardsObJC;
			productName = DeckOfOneCardsObJC;
			productReference = ABB910772523C93C00A711E4 /* DeckOfOneCardsObJC.app */;
			productType = "com.apple.product-type.application";
		};
/* End PBXNativeTarget section */

/* Begin PBXProject section */
		ABB9106F2523C93C00A711E4 /* Project object */ = {
			isa = PBXProject;
			attributes = {
				CLASSPREFIX = TJB;
				LastUpgradeCheck = 1200;
				TargetAttributes = {
					ABB910762523C93C00A711E4 = {
						CreatedOnToolsVersion = 12.0;
						LastSwiftMigration = 1200;
					};
				};
			};
			buildConfigurationList = ABB910722523C93C00A711E4 /* Build configuration list for PBXProject "DeckOfOneCardsObJC" */;
			compatibilityVersion = "Xcode 9.3";
			developmentRegion = en;
			hasScannedForEncodings = 0;
			knownRegions = (
				en,
				Base,
			);
			mainGroup = ABB9106E2523C93C00A711E4;
			productRefGroup = ABB910782523C93C00A711E4 /* Products */;
			projectDirPath = "";
			projectRoot = "";
			targets = (
				ABB910762523C93C00A711E4 /* DeckOfOneCardsObJC */,
			);
		};
/* End PBXProject section */

/* Begin PBXResourcesBuildPhase section */
		ABB910752523C93C00A711E4 /* Resources */ = {
			isa = PBXResourcesBuildPhase;
			buildActionMask = 2147483647;
			files = (
				ABB9108A2523C94900A711E4 /* LaunchScreen.storyboard in Resources */,
				ABB910872523C94900A711E4 /* Assets.xcassets in Resources */,
				ABB910852523C93C00A711E4 /* Main.storyboard in Resources */,
			);
			runOnlyForDeploymentPostprocessing = 0;
		};
/* End PBXResourcesBuildPhase section */

/* Begin PBXSourcesBuildPhase section */
		ABB910732523C93C00A711E4 /* Sources */ = {
			isa = PBXSourcesBuildPhase;
			buildActionMask = 2147483647;
			files = (
				ABB910A62523CD6700A711E4 /* TJBCardController.m in Sources */,
				ABB9107C2523C93C00A711E4 /* AppDelegate.m in Sources */,
				ABB9108D2523C94900A711E4 /* main.m in Sources */,
				ABB9107F2523C93C00A711E4 /* SceneDelegate.m in Sources */,
				ABB9109D2523C9BD00A711E4 /* TJBCard.m in Sources */,
				AB1D0F672523DEA500E6E26A /* TJBCardViewController.swift in Sources */,
			);
			runOnlyForDeploymentPostprocessing = 0;
		};
/* End PBXSourcesBuildPhase section */

/* Begin PBXVariantGroup section */
		ABB910832523C93C00A711E4 /* Main.storyboard */ = {
			isa = PBXVariantGroup;
			children = (
				ABB910842523C93C00A711E4 /* Base */,
			);
			name = Main.storyboard;
			sourceTree = "<group>";
		};
		ABB910882523C94900A711E4 /* LaunchScreen.storyboard */ = {
			isa = PBXVariantGroup;
			children = (
				ABB910892523C94900A711E4 /* Base */,
			);
			name = LaunchScreen.storyboard;
			sourceTree = "<group>";
		};
/* End PBXVariantGroup section */

/* Begin XCBuildConfiguration section */
		ABB9108E2523C94900A711E4 /* Debug */ = {
			isa = XCBuildConfiguration;
			buildSettings = {
				ALWAYS_SEARCH_USER_PATHS = NO;
				CLANG_ANALYZER_NONNULL = YES;
				CLANG_ANALYZER_NUMBER_OBJECT_CONVERSION = YES_AGGRESSIVE;
				CLANG_CXX_LANGUAGE_STANDARD = "gnu++14";
				CLANG_CXX_LIBRARY = "libc++";
				CLANG_ENABLE_MODULES = YES;
				CLANG_ENABLE_OBJC_ARC = YES;
				CLANG_ENABLE_OBJC_WEAK = YES;
				CLANG_WARN_BLOCK_CAPTURE_AUTORELEASING = YES;
				CLANG_WARN_BOOL_CONVERSION = YES;
				CLANG_WARN_COMMA = YES;
				CLANG_WARN_CONSTANT_CONVERSION = YES;
				CLANG_WARN_DEPRECATED_OBJC_IMPLEMENTATIONS = YES;
				CLANG_WARN_DIRECT_OBJC_ISA_USAGE = YES_ERROR;
				CLANG_WARN_DOCUMENTATION_COMMENTS = YES;
				CLANG_WARN_EMPTY_BODY = YES;
				CLANG_WARN_ENUM_CONVERSION = YES;
				CLANG_WARN_INFINITE_RECURSION = YES;
				CLANG_WARN_INT_CONVERSION = YES;
				CLANG_WARN_NON_LITERAL_NULL_CONVERSION = YES;
				CLANG_WARN_OBJC_IMPLICIT_RETAIN_SELF = YES;
				CLANG_WARN_OBJC_LITERAL_CONVERSION = YES;
				CLANG_WARN_OBJC_ROOT_CLASS = YES_ERROR;
				CLANG_WARN_QUOTED_INCLUDE_IN_FRAMEWORK_HEADER = YES;
				CLANG_WARN_RANGE_LOOP_ANALYSIS = YES;
				CLANG_WARN_STRICT_PROTOTYPES = YES;
				CLANG_WARN_SUSPICIOUS_MOVE = YES;
				CLANG_WARN_UNGUARDED_AVAILABILITY = YES_AGGRESSIVE;
				CLANG_WARN_UNREACHABLE_CODE = YES;
				CLANG_WARN__DUPLICATE_METHOD_MATCH = YES;
				COPY_PHASE_STRIP = NO;
				DEBUG_INFORMATION_FORMAT = dwarf;
				ENABLE_STRICT_OBJC_MSGSEND = YES;
				ENABLE_TESTABILITY = YES;
				GCC_C_LANGUAGE_STANDARD = gnu11;
				GCC_DYNAMIC_NO_PIC = NO;
				GCC_NO_COMMON_BLOCKS = YES;
				GCC_OPTIMIZATION_LEVEL = 0;
				GCC_PREPROCESSOR_DEFINITIONS = (
					"DEBUG=1",
					"$(inherited)",
				);
				GCC_WARN_64_TO_32_BIT_CONVERSION = YES;
				GCC_WARN_ABOUT_RETURN_TYPE = YES_ERROR;
				GCC_WARN_UNDECLARED_SELECTOR = YES;
				GCC_WARN_UNINITIALIZED_AUTOS = YES_AGGRESSIVE;
				GCC_WARN_UNUSED_FUNCTION = YES;
				GCC_WARN_UNUSED_VARIABLE = YES;
				IPHONEOS_DEPLOYMENT_TARGET = 14.0;
				MTL_ENABLE_DEBUG_INFO = INCLUDE_SOURCE;
				MTL_FAST_MATH = YES;
				ONLY_ACTIVE_ARCH = YES;
				SDKROOT = iphoneos;
			};
			name = Debug;
		};
		ABB9108F2523C94900A711E4 /* Release */ = {
			isa = XCBuildConfiguration;
			buildSettings = {
				ALWAYS_SEARCH_USER_PATHS = NO;
				CLANG_ANALYZER_NONNULL = YES;
				CLANG_ANALYZER_NUMBER_OBJECT_CONVERSION = YES_AGGRESSIVE;
				CLANG_CXX_LANGUAGE_STANDARD = "gnu++14";
				CLANG_CXX_LIBRARY = "libc++";
				CLANG_ENABLE_MODULES = YES;
				CLANG_ENABLE_OBJC_ARC = YES;
				CLANG_ENABLE_OBJC_WEAK = YES;
				CLANG_WARN_BLOCK_CAPTURE_AUTORELEASING = YES;
				CLANG_WARN_BOOL_CONVERSION = YES;
				CLANG_WARN_COMMA = YES;
				CLANG_WARN_CONSTANT_CONVERSION = YES;
				CLANG_WARN_DEPRECATED_OBJC_IMPLEMENTATIONS = YES;
				CLANG_WARN_DIRECT_OBJC_ISA_USAGE = YES_ERROR;
				CLANG_WARN_DOCUMENTATION_COMMENTS = YES;
				CLANG_WARN_EMPTY_BODY = YES;
				CLANG_WARN_ENUM_CONVERSION = YES;
				CLANG_WARN_INFINITE_RECURSION = YES;
				CLANG_WARN_INT_CONVERSION = YES;
				CLANG_WARN_NON_LITERAL_NULL_CONVERSION = YES;
				CLANG_WARN_OBJC_IMPLICIT_RETAIN_SELF = YES;
				CLANG_WARN_OBJC_LITERAL_CONVERSION = YES;
				CLANG_WARN_OBJC_ROOT_CLASS = YES_ERROR;
				CLANG_WARN_QUOTED_INCLUDE_IN_FRAMEWORK_HEADER = YES;
				CLANG_WARN_RANGE_LOOP_ANALYSIS = YES;
				CLANG_WARN_STRICT_PROTOTYPES = YES;
				CLANG_WARN_SUSPICIOUS_MOVE = YES;
				CLANG_WARN_UNGUARDED_AVAILABILITY = YES_AGGRESSIVE;
				CLANG_WARN_UNREACHABLE_CODE = YES;
				CLANG_WARN__DUPLICATE_METHOD_MATCH = YES;
				COPY_PHASE_STRIP = NO;
				DEBUG_INFORMATION_FORMAT = "dwarf-with-dsym";
				ENABLE_NS_ASSERTIONS = NO;
				ENABLE_STRICT_OBJC_MSGSEND = YES;
				GCC_C_LANGUAGE_STANDARD = gnu11;
				GCC_NO_COMMON_BLOCKS = YES;
				GCC_WARN_64_TO_32_BIT_CONVERSION = YES;
				GCC_WARN_ABOUT_RETURN_TYPE = YES_ERROR;
				GCC_WARN_UNDECLARED_SELECTOR = YES;
				GCC_WARN_UNINITIALIZED_AUTOS = YES_AGGRESSIVE;
				GCC_WARN_UNUSED_FUNCTION = YES;
				GCC_WARN_UNUSED_VARIABLE = YES;
				IPHONEOS_DEPLOYMENT_TARGET = 14.0;
				MTL_ENABLE_DEBUG_INFO = NO;
				MTL_FAST_MATH = YES;
				SDKROOT = iphoneos;
				VALIDATE_PRODUCT = YES;
			};
			name = Release;
		};
		ABB910912523C94900A711E4 /* Debug */ = {
			isa = XCBuildConfiguration;
			buildSettings = {
				ASSETCATALOG_COMPILER_APPICON_NAME = AppIcon;
				ASSETCATALOG_COMPILER_GLOBAL_ACCENT_COLOR_NAME = AccentColor;
				CLANG_ENABLE_MODULES = YES;
				CODE_SIGN_STYLE = Automatic;
				DEVELOPMENT_TEAM = HB59AGWRUY;
				INFOPLIST_FILE = DeckOfOneCardsObJC/Resources/Info.plist;
				LD_RUNPATH_SEARCH_PATHS = (
					"$(inherited)",
					"@executable_path/Frameworks",
				);
				PRODUCT_BUNDLE_IDENTIFIER = com.TrevorBursach.DeckOfOneCardsObJC;
				PRODUCT_NAME = "$(TARGET_NAME)";
				SWIFT_OBJC_BRIDGING_HEADER = "DeckOfOneCardsObJC/Controllers/ViewControllers/DeckOfOneCardsObJC-Bridging-Header.h";
				SWIFT_OPTIMIZATION_LEVEL = "-Onone";
				SWIFT_VERSION = 5.0;
				TARGETED_DEVICE_FAMILY = "1,2";
			};
			name = Debug;
		};
		ABB910922523C94900A711E4 /* Release */ = {
			isa = XCBuildConfiguration;
			buildSettings = {
				ASSETCATALOG_COMPILER_APPICON_NAME = AppIcon;
				ASSETCATALOG_COMPILER_GLOBAL_ACCENT_COLOR_NAME = AccentColor;
				CLANG_ENABLE_MODULES = YES;
				CODE_SIGN_STYLE = Automatic;
				DEVELOPMENT_TEAM = HB59AGWRUY;
				INFOPLIST_FILE = DeckOfOneCardsObJC/Resources/Info.plist;
				LD_RUNPATH_SEARCH_PATHS = (
					"$(inherited)",
					"@executable_path/Frameworks",
				);
				PRODUCT_BUNDLE_IDENTIFIER = com.TrevorBursach.DeckOfOneCardsObJC;
				PRODUCT_NAME = "$(TARGET_NAME)";
				SWIFT_OBJC_BRIDGING_HEADER = "DeckOfOneCardsObJC/Controllers/ViewControllers/DeckOfOneCardsObJC-Bridging-Header.h";
				SWIFT_VERSION = 5.0;
				TARGETED_DEVICE_FAMILY = "1,2";
			};
			name = Release;
		};
/* End XCBuildConfiguration section */

/* Begin XCConfigurationList section */
		ABB910722523C93C00A711E4 /* Build configuration list for PBXProject "DeckOfOneCardsObJC" */ = {
			isa = XCConfigurationList;
			buildConfigurations = (
				ABB9108E2523C94900A711E4 /* Debug */,
				ABB9108F2523C94900A711E4 /* Release */,
			);
			defaultConfigurationIsVisible = 0;
			defaultConfigurationName = Release;
		};
		ABB910902523C94900A711E4 /* Build configuration list for PBXNativeTarget "DeckOfOneCardsObJC" */ = {
			isa = XCConfigurationList;
			buildConfigurations = (
				ABB910912523C94900A711E4 /* Debug */,
				ABB910922523C94900A711E4 /* Release */,
			);
			defaultConfigurationIsVisible = 0;
			defaultConfigurationName = Release;
		};
/* End XCConfigurationList section */
	};
	rootObject = ABB9106F2523C93C00A711E4 /* Project object */;
}
